
Microsoft Visual Studio Solution File, Format Version 12.00
# Visual Studio Version 17
VisualStudioVersion = 17.9.34728.123
MinimumVisualStudioVersion = 10.0.40219.1
Project("{FAE04EC0-301F-11D3-BF4B-00C04F79EFBC}") = "METADB", "METADB\METADB.csproj", "{69850496-11B1-45AD-B4A0-5587597D03A5}"
EndProject
Global
	GlobalSection(SolutionConfigurationPlatforms) = preSolution
		Debug|Any CPU = Debug|Any CPU
		Release|Any CPU = Release|Any CPU
	EndGlobalSection
	GlobalSection(ProjectConfigurationPlatforms) = postSolution
		{69850496-11B1-45AD-B4A0-5587597D03A5}.Debug|Any CPU.ActiveCfg = Debug|Any CPU
		{69850496-11B1-45AD-B4A0-5587597D03A5}.Debug|Any CPU.Build.0 = Debug|Any CPU
		{69850496-11B1-45AD-B4A0-5587597D03A5}.Release|Any CPU.ActiveCfg = Release|Any CPU
		{69850496-11B1-45AD-B4A0-5587597D03A5}.Release|Any CPU.Build.0 = Release|Any CPU
	EndGlobalSection
	GlobalSection(SolutionProperties) = preSolution
		HideSolutionNode = FALSE
	EndGlobalSection
	GlobalSection(ExtensibilityGlobals) = postSolution
		SolutionGuid = {1A3090C3-F52D-4B10-914B-F4233B39372A}
	EndGlobalSection
EndGlobal
